
Microsoft Visual Studio Solution File, Format Version 12.00
# Visual Studio 15
Project("{FAE04EC0-301F-11D3-BF4B-00C04F79EFBC}") = "UnityEngine.TestRunner", "UnityEngine.TestRunner.csproj", "{9043397E-74BB-6E5C-7DB9-8640D44DCE35}"
EndProject
Project("{FAE04EC0-301F-11D3-BF4B-00C04F79EFBC}") = "UnityEngine.UI", "UnityEngine.UI.csproj", "{DAC3C9EE-DE19-1C5B-9043-EDA9A07300D9}"
EndProject
Project("{FAE04EC0-301F-11D3-BF4B-00C04F79EFBC}") = "Unity.VisualScripting.Flow", "Unity.VisualScripting.Flow.csproj", "{5C802FCC-0FD7-BBFF-1191-812A9F5619D9}"
EndProject
Project("{FAE04EC0-301F-11D3-BF4B-00C04F79EFBC}") = "Unity.VisualScripting.State", "Unity.VisualScripting.State.csproj", "{FB8F470A-1CA1-C58F-95EC-A7C0987D429B}"
EndProject
Project("{FAE04EC0-301F-11D3-BF4B-00C04F79EFBC}") = "Unity.VisualScripting.Core", "Unity.VisualScripting.Core.csproj", "{22464193-1F75-6712-A8B3-39F5EB58E886}"
EndProject
Project("{FAE04EC0-301F-11D3-BF4B-00C04F79EFBC}") = "Unity.TextMeshPro", "Unity.TextMeshPro.csproj", "{4F21B6BA-6C02-1C02-BF21-6FD57799CBAC}"
EndProject
Project("{FAE04EC0-301F-11D3-BF4B-00C04F79EFBC}") = "Assembly-CSharp", "Assembly-CSharp.csproj", "{10C62A78-20B4-29A7-E83C-8C3051A34911}"
EndProject
Project("{FAE04EC0-301F-11D3-BF4B-00C04F79EFBC}") = "Unity.Timeline", "Unity.Timeline.csproj", "{4C17AFBF-310A-57D8-F02D-23B2F7999079}"
EndProject
Project("{FAE04EC0-301F-11D3-BF4B-00C04F79EFBC}") = "Unity.PlasticSCM.Editor", "Unity.PlasticSCM.Editor.csproj", "{B15DA14F-F508-FFDD-9DD5-2D8BFC842C21}"
EndProject
Project("{FAE04EC0-301F-11D3-BF4B-00C04F79EFBC}") = "Unity.VisualScripting.Core.Editor", "Unity.VisualScripting.Core.Editor.csproj", "{23398627-FB68-C470-2F50-588447338668}"
EndProject
Project("{FAE04EC0-301F-11D3-BF4B-00C04F79EFBC}") = "Unity.VisualScripting.Flow.Editor", "Unity.VisualScripting.Flow.Editor.csproj", "{DB8EA656-F6F3-C2CD-A1CC-D47F62AB37F9}"
EndProject
Project("{FAE04EC0-301F-11D3-BF4B-00C04F79EFBC}") = "Unity.VisualStudio.Editor", "Unity.VisualStudio.Editor.csproj", "{66A70E7E-A98F-48C1-24AD-00CD78EC5689}"
EndProject
Project("{FAE04EC0-301F-11D3-BF4B-00C04F79EFBC}") = "Unity.Timeline.Editor", "Unity.Timeline.Editor.csproj", "{9A830A6D-C7A6-3DB2-1527-DB835782F0F8}"
EndProject
Project("{FAE04EC0-301F-11D3-BF4B-00C04F79EFBC}") = "Unity.VisualScripting.State.Editor", "Unity.VisualScripting.State.Editor.csproj", "{7CD8289F-28C0-6474-055E-B56A281AD361}"
EndProject
Project("{FAE04EC0-301F-11D3-BF4B-00C04F79EFBC}") = "Unity.TextMeshPro.Editor", "Unity.TextMeshPro.Editor.csproj", "{7E11FE99-C72C-67C9-6C3C-D6A22C532402}"
EndProject
Project("{FAE04EC0-301F-11D3-BF4B-00C04F79EFBC}") = "Unity.VisualScripting.SettingsProvider.Editor", "Unity.VisualScripting.SettingsProvider.Editor.csproj", "{F81A5462-BE68-8D07-B740-9F133D234CBB}"
EndProject
Project("{FAE04EC0-301F-11D3-BF4B-00C04F79EFBC}") = "UnityEditor.TestRunner", "UnityEditor.TestRunner.csproj", "{795C6CE2-9642-8728-A306-DB3A9BC69C3A}"
EndProject
Project("{FAE04EC0-301F-11D3-BF4B-00C04F79EFBC}") = "Unity.TestTools.CodeCoverage.Editor", "Unity.TestTools.CodeCoverage.Editor.csproj", "{0C7112D5-08E2-81E1-DEEE-D56AE715E1D4}"
EndProject
Project("{FAE04EC0-301F-11D3-BF4B-00C04F79EFBC}") = "Unity.Rider.Editor", "Unity.Rider.Editor.csproj", "{AC9413CC-8B63-387E-62BB-E76C467D768A}"
EndProject
Project("{FAE04EC0-301F-11D3-BF4B-00C04F79EFBC}") = "Unity.Performance.Profile-Analyzer.Editor", "Unity.Performance.Profile-Analyzer.Editor.csproj", "{2521EB4D-F212-DBB6-A5ED-DF2EB39694BB}"
EndProject
Project("{FAE04EC0-301F-11D3-BF4B-00C04F79EFBC}") = "Unity.VSCode.Editor", "Unity.VSCode.Editor.csproj", "{921E3CDB-8E50-5D23-2F62-6BF18B141C54}"
EndProject
Project("{FAE04EC0-301F-11D3-BF4B-00C04F79EFBC}") = "UnityEditor.UI", "UnityEditor.UI.csproj", "{C2AA9FAA-016F-4058-1BD3-6D4400FB0C45}"
EndProject
Project("{FAE04EC0-301F-11D3-BF4B-00C04F79EFBC}") = "Unity.TestTools.CodeCoverage.Editor.OpenCover.Model", "Unity.TestTools.CodeCoverage.Editor.OpenCover.Model.csproj", "{689DDF01-0879-5EE9-9C70-D69466413827}"
EndProject
Project("{FAE04EC0-301F-11D3-BF4B-00C04F79EFBC}") = "Unity.EditorCoroutines.Editor", "Unity.EditorCoroutines.Editor.csproj", "{22E896DB-8DB8-BBB3-D413-F31DCFD28E67}"
EndProject
Project("{FAE04EC0-301F-11D3-BF4B-00C04F79EFBC}") = "Unity.Settings.Editor", "Unity.Settings.Editor.csproj", "{B50B9C85-E92A-DB99-E130-9D83B4E664AD}"
EndProject
Project("{FAE04EC0-301F-11D3-BF4B-00C04F79EFBC}") = "Unity.CollabProxy.Editor", "Unity.CollabProxy.Editor.csproj", "{9FF0F9C3-5539-C183-5FFA-2C28445726B6}"
EndProject
Project("{FAE04EC0-301F-11D3-BF4B-00C04F79EFBC}") = "Unity.Play.Publisher.Editor", "Unity.Play.Publisher.Editor.csproj", "{28A9CA16-F06B-E9B2-8FDD-A818625D7A64}"
EndProject
Project("{FAE04EC0-301F-11D3-BF4B-00C04F79EFBC}") = "Unity.InternalAPIEditorBridgeDev.001", "Unity.InternalAPIEditorBridgeDev.001.csproj", "{C457A4B6-A211-12C4-82C8-6DC457B5A808}"
EndProject
Project("{FAE04EC0-301F-11D3-BF4B-00C04F79EFBC}") = "Unity.TestTools.CodeCoverage.Editor.OpenCover.Mono.Reflection", "Unity.TestTools.CodeCoverage.Editor.OpenCover.Mono.Reflection.csproj", "{C1DA7846-E63C-3997-DD5B-3A6B55834783}"
EndProject
Project("{FAE04EC0-301F-11D3-BF4B-00C04F79EFBC}") = "Unity.VisualScripting.Shared.Editor", "Unity.VisualScripting.Shared.Editor.csproj", "{91F4988F-9F1E-43A1-6B01-594750371568}"
EndProject
Global
	GlobalSection(SolutionConfigurationPlatforms) = preSolution
		Debug|Any CPU = Debug|Any CPU
		Release|Any CPU = Release|Any CPU
	EndGlobalSection
	GlobalSection(ProjectConfigurationPlatforms) = postSolution
		{9043397E-74BB-6E5C-7DB9-8640D44DCE35}.Debug|Any CPU.ActiveCfg = Debug|Any CPU
		{9043397E-74BB-6E5C-7DB9-8640D44DCE35}.Debug|Any CPU.Build.0 = Debug|Any CPU
		{9043397E-74BB-6E5C-7DB9-8640D44DCE35}.Release|Any CPU.ActiveCfg = Release|Any CPU
		{9043397E-74BB-6E5C-7DB9-8640D44DCE35}.Release|Any CPU.Build.0 = Release|Any CPU
		{DAC3C9EE-DE19-1C5B-9043-EDA9A07300D9}.Debug|Any CPU.ActiveCfg = Debug|Any CPU
		{DAC3C9EE-DE19-1C5B-9043-EDA9A07300D9}.Debug|Any CPU.Build.0 = Debug|Any CPU
		{DAC3C9EE-DE19-1C5B-9043-EDA9A07300D9}.Release|Any CPU.ActiveCfg = Release|Any CPU
		{DAC3C9EE-DE19-1C5B-9043-EDA9A07300D9}.Release|Any CPU.Build.0 = Release|Any CPU
		{5C802FCC-0FD7-BBFF-1191-812A9F5619D9}.Debug|Any CPU.ActiveCfg = Debug|Any CPU
		{5C802FCC-0FD7-BBFF-1191-812A9F5619D9}.Debug|Any CPU.Build.0 = Debug|Any CPU
		{5C802FCC-0FD7-BBFF-1191-812A9F5619D9}.Release|Any CPU.ActiveCfg = Release|Any CPU
		{5C802FCC-0FD7-BBFF-1191-812A9F5619D9}.Release|Any CPU.Build.0 = Release|Any CPU
		{FB8F470A-1CA1-C58F-95EC-A7C0987D429B}.Debug|Any CPU.ActiveCfg = Debug|Any CPU
		{FB8F470A-1CA1-C58F-95EC-A7C0987D429B}.Debug|Any CPU.Build.0 = Debug|Any CPU
		{FB8F470A-1CA1-C58F-95EC-A7C0987D429B}.Release|Any CPU.ActiveCfg = Release|Any CPU
		{FB8F470A-1CA1-C58F-95EC-A7C0987D429B}.Release|Any CPU.Build.0 = Release|Any CPU
		{22464193-1F75-6712-A8B3-39F5EB58E886}.Debug|Any CPU.ActiveCfg = Debug|Any CPU
		{22464193-1F75-6712-A8B3-39F5EB58E886}.Debug|Any CPU.Build.0 = Debug|Any CPU
		{22464193-1F75-6712-A8B3-39F5EB58E886}.Release|Any CPU.ActiveCfg = Release|Any CPU
		{22464193-1F75-6712-A8B3-39F5EB58E886}.Release|Any CPU.Build.0 = Release|Any CPU
		{4F21B6BA-6C02-1C02-BF21-6FD57799CBAC}.Debug|Any CPU.ActiveCfg = Debug|Any CPU
		{4F21B6BA-6C02-1C02-BF21-6FD57799CBAC}.Debug|Any CPU.Build.0 = Debug|Any CPU
		{4F21B6BA-6C02-1C02-BF21-6FD57799CBAC}.Release|Any CPU.ActiveCfg = Release|Any CPU
		{4F21B6BA-6C02-1C02-BF21-6FD57799CBAC}.Release|Any CPU.Build.0 = Release|Any CPU
		{10C62A78-20B4-29A7-E83C-8C3051A34911}.Debug|Any CPU.ActiveCfg = Debug|Any CPU
		{10C62A78-20B4-29A7-E83C-8C3051A34911}.Debug|Any CPU.Build.0 = Debug|Any CPU
		{10C62A78-20B4-29A7-E83C-8C3051A34911}.Release|Any CPU.ActiveCfg = Release|Any CPU
		{10C62A78-20B4-29A7-E83C-8C3051A34911}.Release|Any CPU.Build.0 = Release|Any CPU
		{4C17AFBF-310A-57D8-F02D-23B2F7999079}.Debug|Any CPU.ActiveCfg = Debug|Any CPU
		{4C17AFBF-310A-57D8-F02D-23B2F7999079}.Debug|Any CPU.Build.0 = Debug|Any CPU
		{4C17AFBF-310A-57D8-F02D-23B2F7999079}.Release|Any CPU.ActiveCfg = Release|Any CPU
		{4C17AFBF-310A-57D8-F02D-23B2F7999079}.Release|Any CPU.Build.0 = Release|Any CPU
		{B15DA14F-F508-FFDD-9DD5-2D8BFC842C21}.Debug|Any CPU.ActiveCfg = Debug|Any CPU
		{B15DA14F-F508-FFDD-9DD5-2D8BFC842C21}.Debug|Any CPU.Build.0 = Debug|Any CPU
		{B15DA14F-F508-FFDD-9DD5-2D8BFC842C21}.Release|Any CPU.ActiveCfg = Release|Any CPU
		{B15DA14F-F508-FFDD-9DD5-2D8BFC842C21}.Release|Any CPU.Build.0 = Release|Any CPU
		{23398627-FB68-C470-2F50-588447338668}.Debug|Any CPU.ActiveCfg = Debug|Any CPU
		{23398627-FB68-C470-2F50-588447338668}.Debug|Any CPU.Build.0 = Debug|Any CPU
		{23398627-FB68-C470-2F50-588447338668}.Release|Any CPU.ActiveCfg = Release|Any CPU
		{23398627-FB68-C470-2F50-588447338668}.Release|Any CPU.Build.0 = Release|Any CPU
		{DB8EA656-F6F3-C2CD-A1CC-D47F62AB37F9}.Debug|Any CPU.ActiveCfg = Debug|Any CPU
		{DB8EA656-F6F3-C2CD-A1CC-D47F62AB37F9}.Debug|Any CPU.Build.0 = Debug|Any CPU
		{DB8EA656-F6F3-C2CD-A1CC-D47F62AB37F9}.Release|Any CPU.ActiveCfg = Release|Any CPU
		{DB8EA656-F6F3-C2CD-A1CC-D47F62AB37F9}.Release|Any CPU.Build.0 = Release|Any CPU
		{66A70E7E-A98F-48C1-24AD-00CD78EC5689}.Debug|Any CPU.ActiveCfg = Debug|Any CPU
		{66A70E7E-A98F-48C1-24AD-00CD78EC5689}.Debug|Any CPU.Build.0 = Debug|Any CPU
		{66A70E7E-A98F-48C1-24AD-00CD78EC5689}.Release|Any CPU.ActiveCfg = Release|Any CPU
		{66A70E7E-A98F-48C1-24AD-00CD78EC5689}.Release|Any CPU.Build.0 = Release|Any CPU
		{9A830A6D-C7A6-3DB2-1527-DB835782F0F8}.Debug|Any CPU.ActiveCfg = Debug|Any CPU
		{9A830A6D-C7A6-3DB2-1527-DB835782F0F8}.Debug|Any CPU.Build.0 = Debug|Any CPU
		{9A830A6D-C7A6-3DB2-1527-DB835782F0F8}.Release|Any CPU.ActiveCfg = Release|Any CPU
		{9A830A6D-C7A6-3DB2-1527-DB835782F0F8}.Release|Any CPU.Build.0 = Release|Any CPU
		{7CD8289F-28C0-6474-055E-B56A281AD361}.Debug|Any CPU.ActiveCfg = Debug|Any CPU
		{7CD8289F-28C0-6474-055E-B56A281AD361}.Debug|Any CPU.Build.0 = Debug|Any CPU
		{7CD8289F-28C0-6474-055E-B56A281AD361}.Release|Any CPU.ActiveCfg = Release|Any CPU
		{7CD8289F-28C0-6474-055E-B56A281AD361}.Release|Any CPU.Build.0 = Release|Any CPU
		{7E11FE99-C72C-67C9-6C3C-D6A22C532402}.Debug|Any CPU.ActiveCfg = Debug|Any CPU
		{7E11FE99-C72C-67C9-6C3C-D6A22C532402}.Debug|Any CPU.Build.0 = Debug|Any CPU
		{7E11FE99-C72C-67C9-6C3C-D6A22C532402}.Release|Any CPU.ActiveCfg = Release|Any CPU
		{7E11FE99-C72C-67C9-6C3C-D6A22C532402}.Release|Any CPU.Build.0 = Release|Any CPU
		{F81A5462-BE68-8D07-B740-9F133D234CBB}.Debug|Any CPU.ActiveCfg = Debug|Any CPU
		{F81A5462-BE68-8D07-B740-9F133D234CBB}.Debug|Any CPU.Build.0 = Debug|Any CPU
		{F81A5462-BE68-8D07-B740-9F133D234CBB}.Release|Any CPU.ActiveCfg = Release|Any CPU
		{F81A5462-BE68-8D07-B740-9F133D234CBB}.Release|Any CPU.Build.0 = Release|Any CPU
		{795C6CE2-9642-8728-A306-DB3A9BC69C3A}.Debug|Any CPU.ActiveCfg = Debug|Any CPU
		{795C6CE2-9642-8728-A306-DB3A9BC69C3A}.Debug|Any CPU.Build.0 = Debug|Any CPU
		{795C6CE2-9642-8728-A306-DB3A9BC69C3A}.Release|Any CPU.ActiveCfg = Release|Any CPU
		{795C6CE2-9642-8728-A306-DB3A9BC69C3A}.Release|Any CPU.Build.0 = Release|Any CPU
		{0C7112D5-08E2-81E1-DEEE-D56AE715E1D4}.Debug|Any CPU.ActiveCfg = Debug|Any CPU
		{0C7112D5-08E2-81E1-DEEE-D56AE715E1D4}.Debug|Any CPU.Build.0 = Debug|Any CPU
		{0C7112D5-08E2-81E1-DEEE-D56AE715E1D4}.Release|Any CPU.ActiveCfg = Release|Any CPU
		{0C7112D5-08E2-81E1-DEEE-D56AE715E1D4}.Release|Any CPU.Build.0 = Release|Any CPU
		{AC9413CC-8B63-387E-62BB-E76C467D768A}.Debug|Any CPU.ActiveCfg = Debug|Any CPU
		{AC9413CC-8B63-387E-62BB-E76C467D768A}.Debug|Any CPU.Build.0 = Debug|Any CPU
		{AC9413CC-8B63-387E-62BB-E76C467D768A}.Release|Any CPU.ActiveCfg = Release|Any CPU
		{AC9413CC-8B63-387E-62BB-E76C467D768A}.Release|Any CPU.Build.0 = Release|Any CPU
		{2521EB4D-F212-DBB6-A5ED-DF2EB39694BB}.Debug|Any CPU.ActiveCfg = Debug|Any CPU
		{2521EB4D-F212-DBB6-A5ED-DF2EB39694BB}.Debug|Any CPU.Build.0 = Debug|Any CPU
		{2521EB4D-F212-DBB6-A5ED-DF2EB39694BB}.Release|Any CPU.ActiveCfg = Release|Any CPU
		{2521EB4D-F212-DBB6-A5ED-DF2EB39694BB}.Release|Any CPU.Build.0 = Release|Any CPU
		{921E3CDB-8E50-5D23-2F62-6BF18B141C54}.Debug|Any CPU.ActiveCfg = Debug|Any CPU
		{921E3CDB-8E50-5D23-2F62-6BF18B141C54}.Debug|Any CPU.Build.0 = Debug|Any CPU
		{921E3CDB-8E50-5D23-2F62-6BF18B141C54}.Release|Any CPU.ActiveCfg = Release|Any CPU
		{921E3CDB-8E50-5D23-2F62-6BF18B141C54}.Release|Any CPU.Build.0 = Release|Any CPU
		{C2AA9FAA-016F-4058-1BD3-6D4400FB0C45}.Debug|Any CPU.ActiveCfg = Debug|Any CPU
		{C2AA9FAA-016F-4058-1BD3-6D4400FB0C45}.Debug|Any CPU.Build.0 = Debug|Any CPU
		{C2AA9FAA-016F-4058-1BD3-6D4400FB0C45}.Release|Any CPU.ActiveCfg = Release|Any CPU
		{C2AA9FAA-016F-4058-1BD3-6D4400FB0C45}.Release|Any CPU.Build.0 = Release|Any CPU
		{689DDF01-0879-5EE9-9C70-D69466413827}.Debug|Any CPU.ActiveCfg = Debug|Any CPU
		{689DDF01-0879-5EE9-9C70-D69466413827}.Debug|Any CPU.Build.0 = Debug|Any CPU
		{689DDF01-0879-5EE9-9C70-D69466413827}.Release|Any CPU.ActiveCfg = Release|Any CPU
		{689DDF01-0879-5EE9-9C70-D69466413827}.Release|Any CPU.Build.0 = Release|Any CPU
		{22E896DB-8DB8-BBB3-D413-F31DCFD28E67}.Debug|Any CPU.ActiveCfg = Debug|Any CPU
		{22E896DB-8DB8-BBB3-D413-F31DCFD28E67}.Debug|Any CPU.Build.0 = Debug|Any CPU
		{22E896DB-8DB8-BBB3-D413-F31DCFD28E67}.Release|Any CPU.ActiveCfg = Release|Any CPU
		{22E896DB-8DB8-BBB3-D413-F31DCFD28E67}.Release|Any CPU.Build.0 = Release|Any CPU
		{B50B9C85-E92A-DB99-E130-9D83B4E664AD}.Debug|Any CPU.ActiveCfg = Debug|Any CPU
		{B50B9C85-E92A-DB99-E130-9D83B4E664AD}.Debug|Any CPU.Build.0 = Debug|Any CPU
		{B50B9C85-E92A-DB99-E130-9D83B4E664AD}.Release|Any CPU.ActiveCfg = Release|Any CPU
		{B50B9C85-E92A-DB99-E130-9D83B4E664AD}.Release|Any CPU.Build.0 = Release|Any CPU
		{9FF0F9C3-5539-C183-5FFA-2C28445726B6}.Debug|Any CPU.ActiveCfg = Debug|Any CPU
		{9FF0F9C3-5539-C183-5FFA-2C28445726B6}.Debug|Any CPU.Build.0 = Debug|Any CPU
		{9FF0F9C3-5539-C183-5FFA-2C28445726B6}.Release|Any CPU.ActiveCfg = Release|Any CPU
		{9FF0F9C3-5539-C183-5FFA-2C28445726B6}.Release|Any CPU.Build.0 = Release|Any CPU
		{28A9CA16-F06B-E9B2-8FDD-A818625D7A64}.Debug|Any CPU.ActiveCfg = Debug|Any CPU
		{28A9CA16-F06B-E9B2-8FDD-A818625D7A64}.Debug|Any CPU.Build.0 = Debug|Any CPU
		{28A9CA16-F06B-E9B2-8FDD-A818625D7A64}.Release|Any CPU.ActiveCfg = Release|Any CPU
		{28A9CA16-F06B-E9B2-8FDD-A818625D7A64}.Release|Any CPU.Build.0 = Release|Any CPU
		{C457A4B6-A211-12C4-82C8-6DC457B5A808}.Debug|Any CPU.ActiveCfg = Debug|Any CPU
		{C457A4B6-A211-12C4-82C8-6DC457B5A808}.Debug|Any CPU.Build.0 = Debug|Any CPU
		{C457A4B6-A211-12C4-82C8-6DC457B5A808}.Release|Any CPU.ActiveCfg = Release|Any CPU
		{C457A4B6-A211-12C4-82C8-6DC457B5A808}.Release|Any CPU.Build.0 = Release|Any CPU
		{C1DA7846-E63C-3997-DD5B-3A6B55834783}.Debug|Any CPU.ActiveCfg = Debug|Any CPU
		{C1DA7846-E63C-3997-DD5B-3A6B55834783}.Debug|Any CPU.Build.0 = Debug|Any CPU
		{C1DA7846-E63C-3997-DD5B-3A6B55834783}.Release|Any CPU.ActiveCfg = Release|Any CPU
		{C1DA7846-E63C-3997-DD5B-3A6B55834783}.Release|Any CPU.Build.0 = Release|Any CPU
		{91F4988F-9F1E-43A1-6B01-594750371568}.Debug|Any CPU.ActiveCfg = Debug|Any CPU
		{91F4988F-9F1E-43A1-6B01-594750371568}.Debug|Any CPU.Build.0 = Debug|Any CPU
		{91F4988F-9F1E-43A1-6B01-594750371568}.Release|Any CPU.ActiveCfg = Release|Any CPU
		{91F4988F-9F1E-43A1-6B01-594750371568}.Release|Any CPU.Build.0 = Release|Any CPU
	EndGlobalSection
	GlobalSection(SolutionProperties) = preSolution
		HideSolutionNode = FALSE
	EndGlobalSection
EndGlobal
